
Microsoft Visual Studio Solution File, Format Version 12.00
# Visual Studio Version 16
VisualStudioVersion = 16.0.31410.357
MinimumVisualStudioVersion = 10.0.40219.1
Project("{9A19103F-16F7-4668-BE54-9A1E7A4F7556}") = "App", "App\App.csproj", "{3EE8A5BE-1322-4EBA-998C-B4D070887FDD}"
EndProject
Project("{2150E333-8FDC-42A3-9474-1A3956D46DE8}") = "Tests", "Tests", "{CF824886-3EE9-4B8C-B1B1-F10A93FB00F0}"
EndProject
Project("{9A19103F-16F7-4668-BE54-9A1E7A4F7556}") = "Unit.Tests.UsingNUnit", "Tests\Unit.Tests.UsingNUnit\Unit.Tests.UsingNUnit.csproj", "{B97546AE-74B1-4D9E-8E5B-72FCC10A11F7}"
EndProject
Project("{9A19103F-16F7-4668-BE54-9A1E7A4F7556}") = "Unit.Tests.UsingNUnitWithMoq", "Tests\Unit.Tests.UsingNUnitWithMoq\Unit.Tests.UsingNUnitWithMoq.csproj", "{37522253-D0AD-401D-992D-886BBAE36D5F}"
EndProject
Global
	GlobalSection(SolutionConfigurationPlatforms) = preSolution
		Debug|Any CPU = Debug|Any CPU
		Release|Any CPU = Release|Any CPU
	EndGlobalSection
	GlobalSection(ProjectConfigurationPlatforms) = postSolution
		{3EE8A5BE-1322-4EBA-998C-B4D070887FDD}.Debug|Any CPU.ActiveCfg = Debug|Any CPU
		{3EE8A5BE-1322-4EBA-998C-B4D070887FDD}.Debug|Any CPU.Build.0 = Debug|Any CPU
		{3EE8A5BE-1322-4EBA-998C-B4D070887FDD}.Release|Any CPU.ActiveCfg = Release|Any CPU
		{3EE8A5BE-1322-4EBA-998C-B4D070887FDD}.Release|Any CPU.Build.0 = Release|Any CPU
		{B97546AE-74B1-4D9E-8E5B-72FCC10A11F7}.Debug|Any CPU.ActiveCfg = Debug|Any CPU
		{B97546AE-74B1-4D9E-8E5B-72FCC10A11F7}.Debug|Any CPU.Build.0 = Debug|Any CPU
		{B97546AE-74B1-4D9E-8E5B-72FCC10A11F7}.Release|Any CPU.ActiveCfg = Release|Any CPU
		{B97546AE-74B1-4D9E-8E5B-72FCC10A11F7}.Release|Any CPU.Build.0 = Release|Any CPU
		{37522253-D0AD-401D-992D-886BBAE36D5F}.Debug|Any CPU.ActiveCfg = Debug|Any CPU
		{37522253-D0AD-401D-992D-886BBAE36D5F}.Debug|Any CPU.Build.0 = Debug|Any CPU
		{37522253-D0AD-401D-992D-886BBAE36D5F}.Release|Any CPU.ActiveCfg = Release|Any CPU
		{37522253-D0AD-401D-992D-886BBAE36D5F}.Release|Any CPU.Build.0 = Release|Any CPU
	EndGlobalSection
	GlobalSection(SolutionProperties) = preSolution
		HideSolutionNode = FALSE
	EndGlobalSection
	GlobalSection(NestedProjects) = preSolution
		{B97546AE-74B1-4D9E-8E5B-72FCC10A11F7} = {CF824886-3EE9-4B8C-B1B1-F10A93FB00F0}
		{37522253-D0AD-401D-992D-886BBAE36D5F} = {CF824886-3EE9-4B8C-B1B1-F10A93FB00F0}
	EndGlobalSection
	GlobalSection(ExtensibilityGlobals) = postSolution
		SolutionGuid = {B50E8F5B-CBEC-46AA-AED7-0C0E48B501AD}
	EndGlobalSection
EndGlobal
